
Microsoft Visual Studio Solution File, Format Version 12.00
# Visual Studio 2012
Project("{FAE04EC0-301F-11D3-BF4B-00C04F79EFBC}") = "BLL", "BLL\BLL.csproj", "{B3E2801F-3B14-4E5D-82B6-196E1E3431E6}"
EndProject
Project("{FAE04EC0-301F-11D3-BF4B-00C04F79EFBC}") = "DALFactory", "DALFactory\DALFactory.csproj", "{6F2D793F-8605-453F-906F-AAF805FF16C1}"
EndProject
Project("{FAE04EC0-301F-11D3-BF4B-00C04F79EFBC}") = "Utility", "DBUility\Utility.csproj", "{DC1C6DA2-8364-4580-8EF4-B7AAEC5D758E}"
EndProject
Project("{FAE04EC0-301F-11D3-BF4B-00C04F79EFBC}") = "IDAL", "IDAL\IDAL.csproj", "{B4AC26D8-0187-4B59-B101-9B0836104D7E}"
EndProject
Project("{FAE04EC0-301F-11D3-BF4B-00C04F79EFBC}") = "Model", "Model\Model.csproj", "{6D3EFEC6-9396-4589-9227-DCAAB8C809D7}"
EndProject
Project("{FAE04EC0-301F-11D3-BF4B-00C04F79EFBC}") = "SQLServerDAL", "SQLServerDAL\SQLServerDAL.csproj", "{780F4D96-7285-4126-9931-275C78A305F8}"
EndProject
Project("{FAE04EC0-301F-11D3-BF4B-00C04F79EFBC}") = "Web", "Web\Web.csproj", "{4F873825-C12C-4CDA-BB89-5ACF96CF0D40}"
EndProject
Project("{2150E333-8FDC-42A3-9474-1A3956D46DE8}") = ".nuget", ".nuget", "{DF7C5375-2F65-4BDD-8857-3DE85A68DBA0}"
	ProjectSection(SolutionItems) = preProject
		.nuget\NuGet.Config = .nuget\NuGet.Config
		.nuget\NuGet.exe = .nuget\NuGet.exe
		.nuget\NuGet.targets = .nuget\NuGet.targets
	EndProjectSection
EndProject
Global
	GlobalSection(SubversionScc) = preSolution
		Svn-Managed = True
		Manager = AnkhSVN - Subversion Support for Visual Studio
	EndGlobalSection
	GlobalSection(SolutionConfigurationPlatforms) = preSolution
		Debug|Any CPU = Debug|Any CPU
		Release|Any CPU = Release|Any CPU
	EndGlobalSection
	GlobalSection(ProjectConfigurationPlatforms) = postSolution
		{B3E2801F-3B14-4E5D-82B6-196E1E3431E6}.Debug|Any CPU.ActiveCfg = Debug|Any CPU
		{B3E2801F-3B14-4E5D-82B6-196E1E3431E6}.Debug|Any CPU.Build.0 = Debug|Any CPU
		{B3E2801F-3B14-4E5D-82B6-196E1E3431E6}.Release|Any CPU.ActiveCfg = Release|Any CPU
		{B3E2801F-3B14-4E5D-82B6-196E1E3431E6}.Release|Any CPU.Build.0 = Release|Any CPU
		{6F2D793F-8605-453F-906F-AAF805FF16C1}.Debug|Any CPU.ActiveCfg = Debug|Any CPU
		{6F2D793F-8605-453F-906F-AAF805FF16C1}.Debug|Any CPU.Build.0 = Debug|Any CPU
		{6F2D793F-8605-453F-906F-AAF805FF16C1}.Release|Any CPU.ActiveCfg = Release|Any CPU
		{6F2D793F-8605-453F-906F-AAF805FF16C1}.Release|Any CPU.Build.0 = Release|Any CPU
		{DC1C6DA2-8364-4580-8EF4-B7AAEC5D758E}.Debug|Any CPU.ActiveCfg = Debug|Any CPU
		{DC1C6DA2-8364-4580-8EF4-B7AAEC5D758E}.Debug|Any CPU.Build.0 = Debug|Any CPU
		{DC1C6DA2-8364-4580-8EF4-B7AAEC5D758E}.Release|Any CPU.ActiveCfg = Release|Any CPU
		{DC1C6DA2-8364-4580-8EF4-B7AAEC5D758E}.Release|Any CPU.Build.0 = Release|Any CPU
		{B4AC26D8-0187-4B59-B101-9B0836104D7E}.Debug|Any CPU.ActiveCfg = Debug|Any CPU
		{B4AC26D8-0187-4B59-B101-9B0836104D7E}.Debug|Any CPU.Build.0 = Debug|Any CPU
		{B4AC26D8-0187-4B59-B101-9B0836104D7E}.Release|Any CPU.ActiveCfg = Release|Any CPU
		{B4AC26D8-0187-4B59-B101-9B0836104D7E}.Release|Any CPU.Build.0 = Release|Any CPU
		{6D3EFEC6-9396-4589-9227-DCAAB8C809D7}.Debug|Any CPU.ActiveCfg = Debug|Any CPU
		{6D3EFEC6-9396-4589-9227-DCAAB8C809D7}.Debug|Any CPU.Build.0 = Debug|Any CPU
		{6D3EFEC6-9396-4589-9227-DCAAB8C809D7}.Release|Any CPU.ActiveCfg = Release|Any CPU
		{6D3EFEC6-9396-4589-9227-DCAAB8C809D7}.Release|Any CPU.Build.0 = Release|Any CPU
		{780F4D96-7285-4126-9931-275C78A305F8}.Debug|Any CPU.ActiveCfg = Debug|Any CPU
		{780F4D96-7285-4126-9931-275C78A305F8}.Debug|Any CPU.Build.0 = Debug|Any CPU
		{780F4D96-7285-4126-9931-275C78A305F8}.Release|Any CPU.ActiveCfg = Release|Any CPU
		{780F4D96-7285-4126-9931-275C78A305F8}.Release|Any CPU.Build.0 = Release|Any CPU
		{4F873825-C12C-4CDA-BB89-5ACF96CF0D40}.Debug|Any CPU.ActiveCfg = Debug|Any CPU
		{4F873825-C12C-4CDA-BB89-5ACF96CF0D40}.Debug|Any CPU.Build.0 = Debug|Any CPU
		{4F873825-C12C-4CDA-BB89-5ACF96CF0D40}.Release|Any CPU.ActiveCfg = Release|Any CPU
		{4F873825-C12C-4CDA-BB89-5ACF96CF0D40}.Release|Any CPU.Build.0 = Release|Any CPU
	EndGlobalSection
	GlobalSection(SolutionProperties) = preSolution
		HideSolutionNode = FALSE
	EndGlobalSection
EndGlobal
